
Microsoft Visual Studio Solution File, Format Version 12.00
# Visual Studio 15
VisualStudioVersion = 15.0.28307.136
MinimumVisualStudioVersion = 10.0.40219.1
Project("{FAE04EC0-301F-11D3-BF4B-00C04F79EFBC}") = "DogApi", "DogApi\DogApi.csproj", "{10EABA53-F82B-4761-A2AA-FE422487835B}"
EndProject
Global
	GlobalSection(SolutionConfigurationPlatforms) = preSolution
		Debug|Any CPU = Debug|Any CPU
		Release|Any CPU = Release|Any CPU
	EndGlobalSection
	GlobalSection(ProjectConfigurationPlatforms) = postSolution
		{10EABA53-F82B-4761-A2AA-FE422487835B}.Debug|Any CPU.ActiveCfg = Debug|Any CPU
		{10EABA53-F82B-4761-A2AA-FE422487835B}.Debug|Any CPU.Build.0 = Debug|Any CPU
		{10EABA53-F82B-4761-A2AA-FE422487835B}.Release|Any CPU.ActiveCfg = Release|Any CPU
		{10EABA53-F82B-4761-A2AA-FE422487835B}.Release|Any CPU.Build.0 = Release|Any CPU
	EndGlobalSection
	GlobalSection(SolutionProperties) = preSolution
		HideSolutionNode = FALSE
	EndGlobalSection
	GlobalSection(ExtensibilityGlobals) = postSolution
		SolutionGuid = {056BBB42-B0E6-480C-B8DB-04A752B45E30}
	EndGlobalSection
EndGlobal
